# @generated - this file is auto-generated by `mise lock` https://mise.jdx.dev/dev-tools/mise-lock.html

[[tools."github:crdx/php"]]
version = "8.5.5"
backend = "github:crdx/php"

[tools."github:crdx/php"."platforms.linux-arm64"]
checksum = "sha256:2ec6563b2bb66e1a638ba4f30c198e7c5774e7d4d73b70ca8d78fdcfb95ba609"
url = "https://github.com/crdx/php/releases/download/v8.5.5/php-8.5.5-linux-aarch64.tar.gz"
url_api = "https://api.github.com/repos/crdx/php/releases/assets/392861963"

[tools."github:crdx/php"."platforms.linux-arm64-musl"]
checksum = "sha256:2ec6563b2bb66e1a638ba4f30c198e7c5774e7d4d73b70ca8d78fdcfb95ba609"
url = "https://github.com/crdx/php/releases/download/v8.5.5/php-8.5.5-linux-aarch64.tar.gz"
url_api = "https://api.github.com/repos/crdx/php/releases/assets/392861963"

[tools."github:crdx/php"."platforms.linux-x64"]
checksum = "sha256:c690af548e6f4e330f221ff79602e4d5d3c647e9d722a33c60e77d96ec186594"
url = "https://github.com/crdx/php/releases/download/v8.5.5/php-8.5.5-linux-x86_64.tar.gz"
url_api = "https://api.github.com/repos/crdx/php/releases/assets/392861965"

[tools."github:crdx/php"."platforms.linux-x64-musl"]
checksum = "sha256:c690af548e6f4e330f221ff79602e4d5d3c647e9d722a33c60e77d96ec186594"
url = "https://github.com/crdx/php/releases/download/v8.5.5/php-8.5.5-linux-x86_64.tar.gz"
url_api = "https://api.github.com/repos/crdx/php/releases/assets/392861965"
